
Microsoft Visual Studio Solution File, Format Version 12.00
# Visual Studio Version 16
VisualStudioVersion = 16.0.30907.101
MinimumVisualStudioVersion = 10.0.40219.1
Project("{9A19103F-16F7-4668-BE54-9A1E7A4F7556}") = "QuizizzSupport", "QuizizzSupport\QuizizzSupport.csproj", "{08E93C28-5568-4D23-8F47-F01CFA4971FF}"
EndProject
Global
	GlobalSection(SolutionConfigurationPlatforms) = preSolution
		Debug|Any CPU = Debug|Any CPU
		Debug|x64 = Debug|x64
		Release|Any CPU = Release|Any CPU
		Release|x64 = Release|x64
	EndGlobalSection
	GlobalSection(ProjectConfigurationPlatforms) = postSolution
		{08E93C28-5568-4D23-8F47-F01CFA4971FF}.Debug|Any CPU.ActiveCfg = Debug|Any CPU
		{08E93C28-5568-4D23-8F47-F01CFA4971FF}.Debug|Any CPU.Build.0 = Debug|Any CPU
		{08E93C28-5568-4D23-8F47-F01CFA4971FF}.Debug|x64.ActiveCfg = Debug|x64
		{08E93C28-5568-4D23-8F47-F01CFA4971FF}.Debug|x64.Build.0 = Debug|x64
		{08E93C28-5568-4D23-8F47-F01CFA4971FF}.Release|Any CPU.ActiveCfg = Release|Any CPU
		{08E93C28-5568-4D23-8F47-F01CFA4971FF}.Release|Any CPU.Build.0 = Release|Any CPU
		{08E93C28-5568-4D23-8F47-F01CFA4971FF}.Release|x64.ActiveCfg = Release|x64
		{08E93C28-5568-4D23-8F47-F01CFA4971FF}.Release|x64.Build.0 = Release|x64
	EndGlobalSection
	GlobalSection(SolutionProperties) = preSolution
		HideSolutionNode = FALSE
	EndGlobalSection
	GlobalSection(ExtensibilityGlobals) = postSolution
		SolutionGuid = {7C96A339-DD51-473E-B649-81CE328725B1}
	EndGlobalSection
EndGlobal
